// !$*UTF8*$!
{
	archiveVersion = 1;
	classes = {
	};
	objectVersion = 46;
	objects = {
/* Begin PBXBuildFile section */
		0141D35200574B3290420791 /* ImageIO.framework in Frameworks */ = {isa = PBXBuildFile; fileRef = CA1C3D8AB61F4D8F8CE21617 /* ImageIO.framework */; settings = {ATTRIBUTES = (Weak, ); }; };
		072690E42E47487391344818 /* YoikScreenOrientation.m in Sources */ = {isa = PBXBuildFile; fileRef = 5CB1F217B4E54F2CAA598FB2 /* YoikScreenOrientation.m */; };
		0AF6DF0A127346F19A10B942 /* EventKit.framework in Frameworks */ = {isa = PBXBuildFile; fileRef = 274AD19C68D44D5D9DC6FEE0 /* EventKit.framework */; };
		156B179244094C4581F88C59 /* CDVStatusBar.m in Sources */ = {isa = PBXBuildFile; fileRef = 7AF935A94DE341F089296260 /* CDVStatusBar.m */; };
		1BCF00EA6E05470E9D776BF5 /* CDVDevice.m in Sources */ = {isa = PBXBuildFile; fileRef = ECA617E2A3B34BA6B7AE0F9F /* CDVDevice.m */; };
		1D3623260D0F684500981E51 /* AppDelegate.m in Sources */ = {isa = PBXBuildFile; fileRef = 1D3623250D0F684500981E51 /* AppDelegate.m */; };
		1D60589B0D05DD56006BFB54 /* main.m in Sources */ = {isa = PBXBuildFile; fileRef = 29B97316FDCFA39411CA2CEA /* main.m */; };
		1EC655479955459C8ADD50EB /* FacebookConnectPlugin.m in Sources */ = {isa = PBXBuildFile; fileRef = C0C0AB2544DC482F8742EAC9 /* FacebookConnectPlugin.m */; };
		219AA8CA73D74DD086EE6A31 /* Social.framework in Frameworks */ = {isa = PBXBuildFile; fileRef = 2F5ED0F488A84007ACDDAD70 /* Social.framework */; settings = {ATTRIBUTES = (Weak, ); }; };
		22147CF4539743359F04106C /* SocialSharing.m in Sources */ = {isa = PBXBuildFile; fileRef = D92A587AC74E4D0BBD4F8F2B /* SocialSharing.m */; };
		288765FD0DF74451002DB57D /* CoreGraphics.framework in Frameworks */ = {isa = PBXBuildFile; fileRef = 288765FC0DF74451002DB57D /* CoreGraphics.framework */; };
		294BC1C065924A1AA1493645 /* CDVNotification.m in Sources */ = {isa = PBXBuildFile; fileRef = FDA31633BBDF4BAF9C64247F /* CDVNotification.m */; };
		2E69993E56044B3781A90232 /* Calendar.m in Sources */ = {isa = PBXBuildFile; fileRef = D43ADF407E44409F8FD77464 /* Calendar.m */; };
		2EC964E8C7064060B71C9307 /* CDVLocation.m in Sources */ = {isa = PBXBuildFile; fileRef = 0BF3531E818D4A59BFB57425 /* CDVLocation.m */; };
		301BF552109A68D80062928A /* libCordova.a in Frameworks */ = {isa = PBXBuildFile; fileRef = 301BF535109A57CC0062928A /* libCordova.a */; };
		302D95F114D2391D003F00A1 /* MainViewController.m in Sources */ = {isa = PBXBuildFile; fileRef = 302D95EF14D2391D003F00A1 /* MainViewController.m */; };
		302D95F214D2391D003F00A1 /* MainViewController.xib in Resources */ = {isa = PBXBuildFile; fileRef = 302D95F014D2391D003F00A1 /* MainViewController.xib */; };
		305D5FD1115AB8F900A74A75 /* MobileCoreServices.framework in Frameworks */ = {isa = PBXBuildFile; fileRef = 305D5FD0115AB8F900A74A75 /* MobileCoreServices.framework */; };
		3088BBBD154F3926009F9C59 /* Default-Landscape@2x~ipad.png in Resources */ = {isa = PBXBuildFile; fileRef = 3088BBB7154F3926009F9C59 /* Default-Landscape@2x~ipad.png */; };
		3088BBBE154F3926009F9C59 /* Default-Landscape~ipad.png in Resources */ = {isa = PBXBuildFile; fileRef = 3088BBB8154F3926009F9C59 /* Default-Landscape~ipad.png */; };
		3088BBBF154F3926009F9C59 /* Default-Portrait@2x~ipad.png in Resources */ = {isa = PBXBuildFile; fileRef = 3088BBB9154F3926009F9C59 /* Default-Portrait@2x~ipad.png */; };
		3088BBC0154F3926009F9C59 /* Default-Portrait~ipad.png in Resources */ = {isa = PBXBuildFile; fileRef = 3088BBBA154F3926009F9C59 /* Default-Portrait~ipad.png */; };
		3088BBC1154F3926009F9C59 /* Default@2x~iphone.png in Resources */ = {isa = PBXBuildFile; fileRef = 3088BBBB154F3926009F9C59 /* Default@2x~iphone.png */; };
		3088BBC2154F3926009F9C59 /* Default~iphone.png in Resources */ = {isa = PBXBuildFile; fileRef = 3088BBBC154F3926009F9C59 /* Default~iphone.png */; };
		308D05371370CCF300D202BF /* icon-72.png in Resources */ = {isa = PBXBuildFile; fileRef = 308D052E1370CCF300D202BF /* icon-72.png */; };
		308D05381370CCF300D202BF /* icon.png in Resources */ = {isa = PBXBuildFile; fileRef = 308D052F1370CCF300D202BF /* icon.png */; };
		308D05391370CCF300D202BF /* icon@2x.png in Resources */ = {isa = PBXBuildFile; fileRef = 308D05301370CCF300D202BF /* icon@2x.png */; };
		30B4F30019D5E07200D9F7D8 /* Default-667h.png in Resources */ = {isa = PBXBuildFile; fileRef = 30B4F2FD19D5E07200D9F7D8 /* Default-667h.png */; };
		30B4F30119D5E07200D9F7D8 /* Default-736h.png in Resources */ = {isa = PBXBuildFile; fileRef = 30B4F2FE19D5E07200D9F7D8 /* Default-736h.png */; };
		30B4F30219D5E07200D9F7D8 /* Default-Landscape-736h.png in Resources */ = {isa = PBXBuildFile; fileRef = 30B4F2FF19D5E07200D9F7D8 /* Default-Landscape-736h.png */; };
		30C1856619D5FC0A00212699 /* icon-60@3x.png in Resources */ = {isa = PBXBuildFile; fileRef = 30C1856519D5FC0A00212699 /* icon-60@3x.png */; };
		30FC414916E50CA1004E6F35 /* icon-72@2x.png in Resources */ = {isa = PBXBuildFile; fileRef = 30FC414816E50CA1004E6F35 /* icon-72@2x.png */; };
		321D6681ABA44D8693875D8C /* CDVJpegHeaderWriter.m in Sources */ = {isa = PBXBuildFile; fileRef = 81821D5413B0475EA38A2566 /* CDVJpegHeaderWriter.m */; };
		328D1F81AB2C42E0B6085E57 /* CoreMotion.framework in Frameworks */ = {isa = PBXBuildFile; fileRef = 8407867C8D40457987E65B0F /* CoreMotion.framework */; };
		3BDE8B8E526A49339EEF8F3D /* AudioToolbox.framework in Frameworks */ = {isa = PBXBuildFile; fileRef = 004BB5405C0F45B395B9823E /* AudioToolbox.framework */; settings = {ATTRIBUTES = (Weak, ); }; };
		40BADD6212E1424B94A89A58 /* CDVSplashScreen.m in Sources */ = {isa = PBXBuildFile; fileRef = 121777F913174A30AAC44E8F /* CDVSplashScreen.m */; };
		43B844F074DE405F898C31FE /* CDVFileTransfer.m in Sources */ = {isa = PBXBuildFile; fileRef = CB416AF71E744203A006B32A /* CDVFileTransfer.m */; };
		45BB354FDFEB442B89B0E626 /* SKProduct+LocalizedPrice.m in Sources */ = {isa = PBXBuildFile; fileRef = CB9C8002778F400FBDC789B8 /* SKProduct+LocalizedPrice.m */; };
		47521CEDBCD54355A0EBC545 /* CDVCapture.m in Sources */ = {isa = PBXBuildFile; fileRef = 40AC0BDA5700475381C3D1EB /* CDVCapture.m */; };
		4D3EEE2A8F1A47EE89D3722A /* CDVGlobalization.m in Sources */ = {isa = PBXBuildFile; fileRef = 9409BC8DBCC9425A9B626297 /* CDVGlobalization.m */; };
		4E3040BA6F204F4A9E86258B /* CDVAccelerometer.m in Sources */ = {isa = PBXBuildFile; fileRef = 8CBB605A25E545E098B43DDF /* CDVAccelerometer.m */; };
		5B1594DD16A7569C00FEF299 /* AssetsLibrary.framework in Frameworks */ = {isa = PBXBuildFile; fileRef = 5B1594DC16A7569C00FEF299 /* AssetsLibrary.framework */; };
		5C92C2A7C3D44AAA9C243409 /* CDVConnection.m in Sources */ = {isa = PBXBuildFile; fileRef = 75EB678ADA894BCB90B3B3C8 /* CDVConnection.m */; };
		5F2DDEAF6B2A41E398DBE52C /* libsqlite3.dylib in Frameworks */ = {isa = PBXBuildFile; fileRef = C5EE928D5E2F4CD9BFF8C6A3 /* libsqlite3.dylib */; };
		61A9A624D8B14EC2A13B7666 /* CDVCamera.m in Sources */ = {isa = PBXBuildFile; fileRef = 947C000A88CE499D84D3ABA5 /* CDVCamera.m */; };
		6ED8F449A56F42BFA1FC0220 /* CDVNotification.bundle in Resources */ = {isa = PBXBuildFile; fileRef = 1EA26B7032424E9593638978 /* CDVNotification.bundle */; };
		7AE8C1EBA7D94E13A75CE263 /* CDVVibration.m in Sources */ = {isa = PBXBuildFile; fileRef = 24043B251F404A4294E8BF21 /* CDVVibration.m */; };
		7E7966DE1810823500FA85AD /* icon-40.png in Resources */ = {isa = PBXBuildFile; fileRef = 7E7966D41810823500FA85AD /* icon-40.png */; };
		7E7966DF1810823500FA85AD /* icon-40@2x.png in Resources */ = {isa = PBXBuildFile; fileRef = 7E7966D51810823500FA85AD /* icon-40@2x.png */; };
		7E7966E01810823500FA85AD /* icon-50.png in Resources */ = {isa = PBXBuildFile; fileRef = 7E7966D61810823500FA85AD /* icon-50.png */; };
		7E7966E11810823500FA85AD /* icon-50@2x.png in Resources */ = {isa = PBXBuildFile; fileRef = 7E7966D71810823500FA85AD /* icon-50@2x.png */; };
		7E7966E21810823500FA85AD /* icon-60.png in Resources */ = {isa = PBXBuildFile; fileRef = 7E7966D81810823500FA85AD /* icon-60.png */; };
		7E7966E31810823500FA85AD /* icon-60@2x.png in Resources */ = {isa = PBXBuildFile; fileRef = 7E7966D91810823500FA85AD /* icon-60@2x.png */; };
		7E7966E41810823500FA85AD /* icon-76.png in Resources */ = {isa = PBXBuildFile; fileRef = 7E7966DA1810823500FA85AD /* icon-76.png */; };
		7E7966E51810823500FA85AD /* icon-76@2x.png in Resources */ = {isa = PBXBuildFile; fileRef = 7E7966DB1810823500FA85AD /* icon-76@2x.png */; };
		7E7966E61810823500FA85AD /* icon-small.png in Resources */ = {isa = PBXBuildFile; fileRef = 7E7966DC1810823500FA85AD /* icon-small.png */; };
		7E7966E71810823500FA85AD /* icon-small@2x.png in Resources */ = {isa = PBXBuildFile; fileRef = 7E7966DD1810823500FA85AD /* icon-small@2x.png */; };
		84143E17FA1D4D589CCBE704 /* EventKitUI.framework in Frameworks */ = {isa = PBXBuildFile; fileRef = EEDCFBAAA97942EAABC7518A /* EventKitUI.framework */; };
		88C337ADF5B0441DAA65016F /* SystemConfiguration.framework in Frameworks */ = {isa = PBXBuildFile; fileRef = 66120DBF422442A6A223B427 /* SystemConfiguration.framework */; settings = {ATTRIBUTES = (Weak, ); }; };
		89C7A25BBA2F4A9EBD05BF39 /* CDVReachability.m in Sources */ = {isa = PBXBuildFile; fileRef = D30D677B172F49C290EE7F86 /* CDVReachability.m */; };
		8B924888CE8941BD815EDAB7 /* StoreKit.framework in Frameworks */ = {isa = PBXBuildFile; fileRef = B836E1DF5A194BB08E45409B /* StoreKit.framework */; };
		A2C0C59A0C034331BA464870 /* CDVLocalFilesystem.m in Sources */ = {isa = PBXBuildFile; fileRef = 7F718C18B73341E19E81A799 /* CDVLocalFilesystem.m */; };
		A618149A6EEF4A09A25F2B4C /* InAppPurchase.m in Sources */ = {isa = PBXBuildFile; fileRef = E653E8C615914C6B84264DAB /* InAppPurchase.m */; };
		BDE24B23D42448399B6E49C4 /* CDVLogger.m in Sources */ = {isa = PBXBuildFile; fileRef = 487FE5E377F241DC95BF8150 /* CDVLogger.m */; };
		C6454C0878DD493FA440E43A /* FacebookSDK.framework in Frameworks */ = {isa = PBXBuildFile; fileRef = E969CFAFA32D4A71824C53BF /* FacebookSDK.framework */; };
		C6EB8922B7A348BB9AC8DC60 /* Accounts.framework in Frameworks */ = {isa = PBXBuildFile; fileRef = D220B07D3D8A4835A3DD4A7A /* Accounts.framework */; settings = {ATTRIBUTES = (Weak, ); }; };
		CC95B0CD18F94C53974B536C /* CDVInAppBrowser.m in Sources */ = {isa = PBXBuildFile; fileRef = 11F17D00418249C3BF5FBB64 /* CDVInAppBrowser.m */; };
		CDD719597E9F48C0BFDB51BB /* CDVSound.m in Sources */ = {isa = PBXBuildFile; fileRef = DE55C7D3BA174FB1BAD09872 /* CDVSound.m */; };
		D1B1DD8A2F2F47EA9F7B6888 /* CDVFile.m in Sources */ = {isa = PBXBuildFile; fileRef = FB65CDCAD7DA4B6D90C0F4C2 /* CDVFile.m */; };
		D4A0D8761607E02300AEF8BB /* Default-568h@2x~iphone.png in Resources */ = {isa = PBXBuildFile; fileRef = D4A0D8751607E02300AEF8BB /* Default-568h@2x~iphone.png */; };
		DF5ED4A39E374508AAF7D1BB /* CDVAssetLibraryFilesystem.m in Sources */ = {isa = PBXBuildFile; fileRef = 465E6B74E28D474CAF2FB411 /* CDVAssetLibraryFilesystem.m */; };
		E14A805723AF41F9BE80EBD5 /* CDVCapture.bundle in Resources */ = {isa = PBXBuildFile; fileRef = 5743D7348BCD4A34BBC0C060 /* CDVCapture.bundle */; };
		E20F276B47F246E1A704824E /* UIImage+CropScaleOrientation.m in Sources */ = {isa = PBXBuildFile; fileRef = BD7A59A7530042D082B53C9E /* UIImage+CropScaleOrientation.m */; };
		E903833C81DB40D9A2D326B3 /* Security.framework in Frameworks */ = {isa = PBXBuildFile; fileRef = C7A67F7798E74A5389B77421 /* Security.framework */; settings = {ATTRIBUTES = (Weak, ); }; };
		E910327F586C424EAF888878 /* CoreLocation.framework in Frameworks */ = {isa = PBXBuildFile; fileRef = 32136E77637C42CCA0D63CEE /* CoreLocation.framework */; };
		F5AC495C60A344A3B97D9940 /* CDVCompass.m in Sources */ = {isa = PBXBuildFile; fileRef = 2F7DE72BAA7749A68BF613D4 /* CDVCompass.m */; };
		FBA78C96D4A444169496D449 /* MessageUI.framework in Frameworks */ = {isa = PBXBuildFile; fileRef = 2CAAD804400B49439D636059 /* MessageUI.framework */; settings = {ATTRIBUTES = (Weak, ); }; };
/* End PBXBuildFile section */

/* Begin PBXContainerItemProxy section */
		301BF534109A57CC0062928A /* PBXContainerItemProxy */ = {
			isa = PBXContainerItemProxy;
			containerPortal = 301BF52D109A57CC0062928A /* CordovaLib.xcodeproj */;
			proxyType = 2;
			remoteGlobalIDString = D2AAC07E0554694100DB518D;
			remoteInfo = CordovaLib;
		};
		301BF550109A68C00062928A /* PBXContainerItemProxy */ = {
			isa = PBXContainerItemProxy;
			containerPortal = 301BF52D109A57CC0062928A /* CordovaLib.xcodeproj */;
			proxyType = 1;
			remoteGlobalIDString = D2AAC07D0554694100DB518D;
			remoteInfo = CordovaLib;
		};
/* End PBXContainerItemProxy section */

/* Begin PBXFileReference section */
		004BB5405C0F45B395B9823E /* AudioToolbox.framework */ = {isa = PBXFileReference; fileEncoding = 4; lastKnownFileType = wrapper.framework; name = AudioToolbox.framework; path = System/Library/Frameworks/AudioToolbox.framework; sourceTree = SDKROOT; };
		00E00572731348F7B292553C /* CDVFile.h */ = {isa = PBXFileReference; fileEncoding = 4; lastKnownFileType = sourcecode.c.h; name = CDVFile.h; path = org.apache.cordova.file/CDVFile.h; sourceTree = "<group>"; };
		0BF3531E818D4A59BFB57425 /* CDVLocation.m */ = {isa = PBXFileReference; fileEncoding = 4; lastKnownFileType = sourcecode.c.objc; name = CDVLocation.m; path = org.apache.cordova.geolocation/CDVLocation.m; sourceTree = "<group>"; };
		0D3E5446BE48418DAB0316D2 /* CDVInAppBrowser.h */ = {isa = PBXFileReference; fileEncoding = 4; lastKnownFileType = sourcecode.c.h; name = CDVInAppBrowser.h; path = org.apache.cordova.inappbrowser/CDVInAppBrowser.h; sourceTree = "<group>"; };
		1057ACB16EAF4EFE92DDF788 /* CDVFileTransfer.h */ = {isa = PBXFileReference; fileEncoding = 4; lastKnownFileType = sourcecode.c.h; name = CDVFileTransfer.h; path = "org.apache.cordova.file-transfer/CDVFileTransfer.h"; sourceTree = "<group>"; };
		11F17D00418249C3BF5FBB64 /* CDVInAppBrowser.m */ = {isa = PBXFileReference; fileEncoding = 4; lastKnownFileType = sourcecode.c.objc; name = CDVInAppBrowser.m; path = org.apache.cordova.inappbrowser/CDVInAppBrowser.m; sourceTree = "<group>"; };
		121777F913174A30AAC44E8F /* CDVSplashScreen.m */ = {isa = PBXFileReference; fileEncoding = 4; lastKnownFileType = sourcecode.c.objc; name = CDVSplashScreen.m; path = org.apache.cordova.splashscreen/CDVSplashScreen.m; sourceTree = "<group>"; };
		14B72D87B5134715ABDEE1E0 /* UIImage+CropScaleOrientation.h */ = {isa = PBXFileReference; fileEncoding = 4; lastKnownFileType = sourcecode.c.h; name = "UIImage+CropScaleOrientation.h"; path = "org.apache.cordova.camera/UIImage+CropScaleOrientation.h"; sourceTree = "<group>"; };
		1D3623240D0F684500981E51 /* AppDelegate.h */ = {isa = PBXFileReference; fileEncoding = 4; lastKnownFileType = sourcecode.c.h; path = AppDelegate.h; sourceTree = "<group>"; };
		1D3623250D0F684500981E51 /* AppDelegate.m */ = {isa = PBXFileReference; fileEncoding = 4; lastKnownFileType = sourcecode.c.objc; path = AppDelegate.m; sourceTree = "<group>"; };
		1D6058910D05DD3D006BFB54 /* TarxienTemples.app */ = {isa = PBXFileReference; explicitFileType = wrapper.application; includeInIndex = 0; path = TarxienTemples.app; sourceTree = BUILT_PRODUCTS_DIR; };
		1EA26B7032424E9593638978 /* CDVNotification.bundle */ = {isa = PBXFileReference; lastKnownFileType = "wrapper.plug-in"; path = CDVNotification.bundle; sourceTree = "<group>"; };
		24043B251F404A4294E8BF21 /* CDVVibration.m */ = {isa = PBXFileReference; fileEncoding = 4; lastKnownFileType = sourcecode.c.objc; name = CDVVibration.m; path = org.apache.cordova.vibration/CDVVibration.m; sourceTree = "<group>"; };
		274AD19C68D44D5D9DC6FEE0 /* EventKit.framework */ = {isa = PBXFileReference; fileEncoding = 4; lastKnownFileType = wrapper.framework; name = EventKit.framework; path = System/Library/Frameworks/EventKit.framework; sourceTree = SDKROOT; };
		288765FC0DF74451002DB57D /* CoreGraphics.framework */ = {isa = PBXFileReference; lastKnownFileType = wrapper.framework; name = CoreGraphics.framework; path = System/Library/Frameworks/CoreGraphics.framework; sourceTree = SDKROOT; };
		29B97316FDCFA39411CA2CEA /* main.m */ = {isa = PBXFileReference; fileEncoding = 4; lastKnownFileType = sourcecode.c.objc; path = main.m; sourceTree = "<group>"; };
		2B9313F418854AAF90915DE2 /* CDVCamera.h */ = {isa = PBXFileReference; fileEncoding = 4; lastKnownFileType = sourcecode.c.h; name = CDVCamera.h; path = org.apache.cordova.camera/CDVCamera.h; sourceTree = "<group>"; };
		2BE9913103264093ADFB489B /* CDVCapture.h */ = {isa = PBXFileReference; fileEncoding = 4; lastKnownFileType = sourcecode.c.h; name = CDVCapture.h; path = "org.apache.cordova.media-capture/CDVCapture.h"; sourceTree = "<group>"; };
		2CAAD804400B49439D636059 /* MessageUI.framework */ = {isa = PBXFileReference; fileEncoding = 4; lastKnownFileType = wrapper.framework; name = MessageUI.framework; path = System/Library/Frameworks/MessageUI.framework; sourceTree = SDKROOT; };
		2F5ED0F488A84007ACDDAD70 /* Social.framework */ = {isa = PBXFileReference; fileEncoding = 4; lastKnownFileType = wrapper.framework; name = Social.framework; path = System/Library/Frameworks/Social.framework; sourceTree = SDKROOT; };
		2F7DE72BAA7749A68BF613D4 /* CDVCompass.m */ = {isa = PBXFileReference; fileEncoding = 4; lastKnownFileType = sourcecode.c.objc; name = CDVCompass.m; path = "org.apache.cordova.device-orientation/CDVCompass.m"; sourceTree = "<group>"; };
		301BF52D109A57CC0062928A /* CordovaLib.xcodeproj */ = {isa = PBXFileReference; lastKnownFileType = "wrapper.pb-project"; name = CordovaLib.xcodeproj; path = CordovaLib/CordovaLib.xcodeproj; sourceTree = "<group>"; };
		301BF56E109A69640062928A /* www */ = {isa = PBXFileReference; lastKnownFileType = folder; path = www; sourceTree = SOURCE_ROOT; };
		302D95EE14D2391D003F00A1 /* MainViewController.h */ = {isa = PBXFileReference; fileEncoding = 4; lastKnownFileType = sourcecode.c.h; path = MainViewController.h; sourceTree = "<group>"; };
		302D95EF14D2391D003F00A1 /* MainViewController.m */ = {isa = PBXFileReference; fileEncoding = 4; lastKnownFileType = sourcecode.c.objc; path = MainViewController.m; sourceTree = "<group>"; };
		302D95F014D2391D003F00A1 /* MainViewController.xib */ = {isa = PBXFileReference; fileEncoding = 4; lastKnownFileType = file.xib; path = MainViewController.xib; sourceTree = "<group>"; };
		305D5FD0115AB8F900A74A75 /* MobileCoreServices.framework */ = {isa = PBXFileReference; lastKnownFileType = wrapper.framework; name = MobileCoreServices.framework; path = System/Library/Frameworks/MobileCoreServices.framework; sourceTree = SDKROOT; };
		306CA38D74914E00BE44EDE0 /* FacebookConnectPlugin.h */ = {isa = PBXFileReference; fileEncoding = 4; lastKnownFileType = sourcecode.c.h; name = FacebookConnectPlugin.h; path = com.phonegap.plugins.facebookconnect/FacebookConnectPlugin.h; sourceTree = "<group>"; };
		3088BBB7154F3926009F9C59 /* Default-Landscape@2x~ipad.png */ = {isa = PBXFileReference; lastKnownFileType = image.png; path = "Default-Landscape@2x~ipad.png"; sourceTree = "<group>"; };
		3088BBB8154F3926009F9C59 /* Default-Landscape~ipad.png */ = {isa = PBXFileReference; lastKnownFileType = image.png; path = "Default-Landscape~ipad.png"; sourceTree = "<group>"; };
		3088BBB9154F3926009F9C59 /* Default-Portrait@2x~ipad.png */ = {isa = PBXFileReference; lastKnownFileType = image.png; path = "Default-Portrait@2x~ipad.png"; sourceTree = "<group>"; };
		3088BBBA154F3926009F9C59 /* Default-Portrait~ipad.png */ = {isa = PBXFileReference; lastKnownFileType = image.png; path = "Default-Portrait~ipad.png"; sourceTree = "<group>"; };
		3088BBBB154F3926009F9C59 /* Default@2x~iphone.png */ = {isa = PBXFileReference; lastKnownFileType = image.png; path = "Default@2x~iphone.png"; sourceTree = "<group>"; };
		3088BBBC154F3926009F9C59 /* Default~iphone.png */ = {isa = PBXFileReference; lastKnownFileType = image.png; path = "Default~iphone.png"; sourceTree = "<group>"; };
		308D052E1370CCF300D202BF /* icon-72.png */ = {isa = PBXFileReference; lastKnownFileType = image.png; path = "icon-72.png"; sourceTree = "<group>"; };
		308D052F1370CCF300D202BF /* icon.png */ = {isa = PBXFileReference; lastKnownFileType = image.png; path = icon.png; sourceTree = "<group>"; };
		308D05301370CCF300D202BF /* icon@2x.png */ = {isa = PBXFileReference; lastKnownFileType = image.png; path = "icon@2x.png"; sourceTree = "<group>"; };
		30B4F2FD19D5E07200D9F7D8 /* Default-667h.png */ = {isa = PBXFileReference; lastKnownFileType = image.png; path = "Default-667h.png"; sourceTree = "<group>"; };
		30B4F2FE19D5E07200D9F7D8 /* Default-736h.png */ = {isa = PBXFileReference; lastKnownFileType = image.png; path = "Default-736h.png"; sourceTree = "<group>"; };
		30B4F2FF19D5E07200D9F7D8 /* Default-Landscape-736h.png */ = {isa = PBXFileReference; lastKnownFileType = image.png; path = "Default-Landscape-736h.png"; sourceTree = "<group>"; };
		30C1856519D5FC0A00212699 /* icon-60@3x.png */ = {isa = PBXFileReference; lastKnownFileType = image.png; path = "icon-60@3x.png"; sourceTree = "<group>"; };
		30FC414816E50CA1004E6F35 /* icon-72@2x.png */ = {isa = PBXFileReference; lastKnownFileType = image.png; path = "icon-72@2x.png"; sourceTree = "<group>"; };
		32136E77637C42CCA0D63CEE /* CoreLocation.framework */ = {isa = PBXFileReference; fileEncoding = 4; lastKnownFileType = wrapper.framework; name = CoreLocation.framework; path = System/Library/Frameworks/CoreLocation.framework; sourceTree = SDKROOT; };
		32CA4F630368D1EE00C91783 /* TarxienTemples-Prefix.pch */ = {isa = PBXFileReference; fileEncoding = 4; lastKnownFileType = sourcecode.c.h; path = "TarxienTemples-Prefix.pch"; sourceTree = "<group>"; };
		40AC0BDA5700475381C3D1EB /* CDVCapture.m */ = {isa = PBXFileReference; fileEncoding = 4; lastKnownFileType = sourcecode.c.objc; name = CDVCapture.m; path = "org.apache.cordova.media-capture/CDVCapture.m"; sourceTree = "<group>"; };
		43EA2AEB094D48F3863026DB /* CDVAccelerometer.h */ = {isa = PBXFileReference; fileEncoding = 4; lastKnownFileType = sourcecode.c.h; name = CDVAccelerometer.h; path = "org.apache.cordova.device-motion/CDVAccelerometer.h"; sourceTree = "<group>"; };
		465E6B74E28D474CAF2FB411 /* CDVAssetLibraryFilesystem.m */ = {isa = PBXFileReference; fileEncoding = 4; lastKnownFileType = sourcecode.c.objc; name = CDVAssetLibraryFilesystem.m; path = org.apache.cordova.file/CDVAssetLibraryFilesystem.m; sourceTree = "<group>"; };
		487FE5E377F241DC95BF8150 /* CDVLogger.m */ = {isa = PBXFileReference; fileEncoding = 4; lastKnownFileType = sourcecode.c.objc; name = CDVLogger.m; path = org.apache.cordova.console/CDVLogger.m; sourceTree = "<group>"; };
		4B829DFE85124EB2933E3DF8 /* InAppPurchase.h */ = {isa = PBXFileReference; fileEncoding = 4; lastKnownFileType = sourcecode.c.h; name = InAppPurchase.h; path = cc.fovea.cordova.purchase/InAppPurchase.h; sourceTree = "<group>"; };
		4FD14F8A7F5049F98513A7B2 /* CDVLocalFilesystem.h */ = {isa = PBXFileReference; fileEncoding = 4; lastKnownFileType = sourcecode.c.h; name = CDVLocalFilesystem.h; path = org.apache.cordova.file/CDVLocalFilesystem.h; sourceTree = "<group>"; };
		5302D5FE24504CD4926B2728 /* CDVGlobalization.h */ = {isa = PBXFileReference; fileEncoding = 4; lastKnownFileType = sourcecode.c.h; name = CDVGlobalization.h; path = org.apache.cordova.globalization/CDVGlobalization.h; sourceTree = "<group>"; };
		5743D7348BCD4A34BBC0C060 /* CDVCapture.bundle */ = {isa = PBXFileReference; lastKnownFileType = "wrapper.plug-in"; path = CDVCapture.bundle; sourceTree = "<group>"; };
		5B1594DC16A7569C00FEF299 /* AssetsLibrary.framework */ = {isa = PBXFileReference; lastKnownFileType = wrapper.framework; name = AssetsLibrary.framework; path = System/Library/Frameworks/AssetsLibrary.framework; sourceTree = SDKROOT; };
		5CB1F217B4E54F2CAA598FB2 /* YoikScreenOrientation.m */ = {isa = PBXFileReference; fileEncoding = 4; lastKnownFileType = sourcecode.c.objc; name = YoikScreenOrientation.m; path = net.yoik.cordova.plugins.screenorientation/YoikScreenOrientation.m; sourceTree = "<group>"; };
		5ED2FEB4E7B447DA936446F6 /* Calendar.h */ = {isa = PBXFileReference; fileEncoding = 4; lastKnownFileType = sourcecode.c.h; name = Calendar.h; path = "nl.x-services.plugins.calendar/Calendar.h"; sourceTree = "<group>"; };
		63EC1536CC5A4CA5BDB24014 /* CDVStatusBar.h */ = {isa = PBXFileReference; fileEncoding = 4; lastKnownFileType = sourcecode.c.h; name = CDVStatusBar.h; path = org.apache.cordova.statusbar/CDVStatusBar.h; sourceTree = "<group>"; };
		66120DBF422442A6A223B427 /* SystemConfiguration.framework */ = {isa = PBXFileReference; fileEncoding = 4; lastKnownFileType = wrapper.framework; name = SystemConfiguration.framework; path = System/Library/Frameworks/SystemConfiguration.framework; sourceTree = SDKROOT; };
		696546E001CD4AF6944F8087 /* CDVConnection.h */ = {isa = PBXFileReference; fileEncoding = 4; lastKnownFileType = sourcecode.c.h; name = CDVConnection.h; path = "org.apache.cordova.network-information/CDVConnection.h"; sourceTree = "<group>"; };
		75B4990235E84D79B85E0152 /* SKProduct+LocalizedPrice.h */ = {isa = PBXFileReference; fileEncoding = 4; lastKnownFileType = sourcecode.c.h; name = "SKProduct+LocalizedPrice.h"; path = "cc.fovea.cordova.purchase/SKProduct+LocalizedPrice.h"; sourceTree = "<group>"; };
		75EB678ADA894BCB90B3B3C8 /* CDVConnection.m */ = {isa = PBXFileReference; fileEncoding = 4; lastKnownFileType = sourcecode.c.objc; name = CDVConnection.m; path = "org.apache.cordova.network-information/CDVConnection.m"; sourceTree = "<group>"; };
		7AF935A94DE341F089296260 /* CDVStatusBar.m */ = {isa = PBXFileReference; fileEncoding = 4; lastKnownFileType = sourcecode.c.objc; name = CDVStatusBar.m; path = org.apache.cordova.statusbar/CDVStatusBar.m; sourceTree = "<group>"; };
		7CD63CAA44754721A45B3A55 /* CDVCompass.h */ = {isa = PBXFileReference; fileEncoding = 4; lastKnownFileType = sourcecode.c.h; name = CDVCompass.h; path = "org.apache.cordova.device-orientation/CDVCompass.h"; sourceTree = "<group>"; };
		7E7966D41810823500FA85AD /* icon-40.png */ = {isa = PBXFileReference; lastKnownFileType = image.png; path = "icon-40.png"; sourceTree = "<group>"; };
		7E7966D51810823500FA85AD /* icon-40@2x.png */ = {isa = PBXFileReference; lastKnownFileType = image.png; path = "icon-40@2x.png"; sourceTree = "<group>"; };
		7E7966D61810823500FA85AD /* icon-50.png */ = {isa = PBXFileReference; lastKnownFileType = image.png; path = "icon-50.png"; sourceTree = "<group>"; };
		7E7966D71810823500FA85AD /* icon-50@2x.png */ = {isa = PBXFileReference; lastKnownFileType = image.png; path = "icon-50@2x.png"; sourceTree = "<group>"; };
		7E7966D81810823500FA85AD /* icon-60.png */ = {isa = PBXFileReference; lastKnownFileType = image.png; path = "icon-60.png"; sourceTree = "<group>"; };
		7E7966D91810823500FA85AD /* icon-60@2x.png */ = {isa = PBXFileReference; lastKnownFileType = image.png; path = "icon-60@2x.png"; sourceTree = "<group>"; };
		7E7966DA1810823500FA85AD /* icon-76.png */ = {isa = PBXFileReference; lastKnownFileType = image.png; path = "icon-76.png"; sourceTree = "<group>"; };
		7E7966DB1810823500FA85AD /* icon-76@2x.png */ = {isa = PBXFileReference; lastKnownFileType = image.png; path = "icon-76@2x.png"; sourceTree = "<group>"; };
		7E7966DC1810823500FA85AD /* icon-small.png */ = {isa = PBXFileReference; lastKnownFileType = image.png; path = "icon-small.png"; sourceTree = "<group>"; };
		7E7966DD1810823500FA85AD /* icon-small@2x.png */ = {isa = PBXFileReference; lastKnownFileType = image.png; path = "icon-small@2x.png"; sourceTree = "<group>"; };
		7F718C18B73341E19E81A799 /* CDVLocalFilesystem.m */ = {isa = PBXFileReference; fileEncoding = 4; lastKnownFileType = sourcecode.c.objc; name = CDVLocalFilesystem.m; path = org.apache.cordova.file/CDVLocalFilesystem.m; sourceTree = "<group>"; };
		81821D5413B0475EA38A2566 /* CDVJpegHeaderWriter.m */ = {isa = PBXFileReference; fileEncoding = 4; lastKnownFileType = sourcecode.c.objc; name = CDVJpegHeaderWriter.m; path = org.apache.cordova.camera/CDVJpegHeaderWriter.m; sourceTree = "<group>"; };
		8407867C8D40457987E65B0F /* CoreMotion.framework */ = {isa = PBXFileReference; fileEncoding = 4; lastKnownFileType = wrapper.framework; name = CoreMotion.framework; path = System/Library/Frameworks/CoreMotion.framework; sourceTree = SDKROOT; };
		8A6A42AACCF04DF1A03E52C0 /* CDVNotification.h */ = {isa = PBXFileReference; fileEncoding = 4; lastKnownFileType = sourcecode.c.h; name = CDVNotification.h; path = org.apache.cordova.dialogs/CDVNotification.h; sourceTree = "<group>"; };
		8CBB605A25E545E098B43DDF /* CDVAccelerometer.m */ = {isa = PBXFileReference; fileEncoding = 4; lastKnownFileType = sourcecode.c.objc; name = CDVAccelerometer.m; path = "org.apache.cordova.device-motion/CDVAccelerometer.m"; sourceTree = "<group>"; };
		8D1107310486CEB800E47090 /* TarxienTemples-Info.plist */ = {isa = PBXFileReference; fileEncoding = 4; lastKnownFileType = text.plist.xml; name = "TarxienTemples-Info.plist"; path = "../TarxienTemples-Info.plist"; plistStructureDefinitionIdentifier = "com.apple.xcode.plist.structure-definition.iphone.info-plist"; sourceTree = "<group>"; };
		9409BC8DBCC9425A9B626297 /* CDVGlobalization.m */ = {isa = PBXFileReference; fileEncoding = 4; lastKnownFileType = sourcecode.c.objc; name = CDVGlobalization.m; path = org.apache.cordova.globalization/CDVGlobalization.m; sourceTree = "<group>"; };
		947C000A88CE499D84D3ABA5 /* CDVCamera.m */ = {isa = PBXFileReference; fileEncoding = 4; lastKnownFileType = sourcecode.c.objc; name = CDVCamera.m; path = org.apache.cordova.camera/CDVCamera.m; sourceTree = "<group>"; };
		9983C18E39EC47A39B30F7A0 /* CDVLocation.h */ = {isa = PBXFileReference; fileEncoding = 4; lastKnownFileType = sourcecode.c.h; name = CDVLocation.h; path = org.apache.cordova.geolocation/CDVLocation.h; sourceTree = "<group>"; };
		A3A95449901141308B52F68B /* CDVVibration.h */ = {isa = PBXFileReference; fileEncoding = 4; lastKnownFileType = sourcecode.c.h; name = CDVVibration.h; path = org.apache.cordova.vibration/CDVVibration.h; sourceTree = "<group>"; };
		A408F411D6A1431B92CA07CE /* CDVLogger.h */ = {isa = PBXFileReference; fileEncoding = 4; lastKnownFileType = sourcecode.c.h; name = CDVLogger.h; path = org.apache.cordova.console/CDVLogger.h; sourceTree = "<group>"; };
		A7127325A20145668516BC5C /* CDVSplashScreen.h */ = {isa = PBXFileReference; fileEncoding = 4; lastKnownFileType = sourcecode.c.h; name = CDVSplashScreen.h; path = org.apache.cordova.splashscreen/CDVSplashScreen.h; sourceTree = "<group>"; };
		A745F1B7247347EFAD5789BD /* CDVSound.h */ = {isa = PBXFileReference; fileEncoding = 4; lastKnownFileType = sourcecode.c.h; name = CDVSound.h; path = org.apache.cordova.media/CDVSound.h; sourceTree = "<group>"; };
		A855477ABFF9418D8E8439C3 /* SocialSharing.h */ = {isa = PBXFileReference; fileEncoding = 4; lastKnownFileType = sourcecode.c.h; name = SocialSharing.h; path = "nl.x-services.plugins.socialsharing/SocialSharing.h"; sourceTree = "<group>"; };
		B4F902A3C38947FEA95D018A /* CDVExif.h */ = {isa = PBXFileReference; fileEncoding = 4; lastKnownFileType = sourcecode.c.h; name = CDVExif.h; path = org.apache.cordova.camera/CDVExif.h; sourceTree = "<group>"; };
		B836E1DF5A194BB08E45409B /* StoreKit.framework */ = {isa = PBXFileReference; fileEncoding = 4; lastKnownFileType = wrapper.framework; name = StoreKit.framework; path = System/Library/Frameworks/StoreKit.framework; sourceTree = SDKROOT; };
		BA920B81F24B4E2FAC425959 /* CDVDevice.h */ = {isa = PBXFileReference; fileEncoding = 4; lastKnownFileType = sourcecode.c.h; name = CDVDevice.h; path = org.apache.cordova.device/CDVDevice.h; sourceTree = "<group>"; };
		BD7A59A7530042D082B53C9E /* UIImage+CropScaleOrientation.m */ = {isa = PBXFileReference; fileEncoding = 4; lastKnownFileType = sourcecode.c.objc; name = "UIImage+CropScaleOrientation.m"; path = "org.apache.cordova.camera/UIImage+CropScaleOrientation.m"; sourceTree = "<group>"; };
		C0C0AB2544DC482F8742EAC9 /* FacebookConnectPlugin.m */ = {isa = PBXFileReference; fileEncoding = 4; lastKnownFileType = sourcecode.c.objc; name = FacebookConnectPlugin.m; path = com.phonegap.plugins.facebookconnect/FacebookConnectPlugin.m; sourceTree = "<group>"; };
		C5EE928D5E2F4CD9BFF8C6A3 /* libsqlite3.dylib */ = {isa = PBXFileReference; fileEncoding = 4; lastKnownFileType = "compiled.mach-o.dylib"; name = libsqlite3.dylib; path = usr/lib/libsqlite3.dylib; sourceTree = SDKROOT; };
		C7A67F7798E74A5389B77421 /* Security.framework */ = {isa = PBXFileReference; fileEncoding = 4; lastKnownFileType = wrapper.framework; name = Security.framework; path = System/Library/Frameworks/Security.framework; sourceTree = SDKROOT; };
		C86A19AA2EF24B108666F1C8 /* CDVAssetLibraryFilesystem.h */ = {isa = PBXFileReference; fileEncoding = 4; lastKnownFileType = sourcecode.c.h; name = CDVAssetLibraryFilesystem.h; path = org.apache.cordova.file/CDVAssetLibraryFilesystem.h; sourceTree = "<group>"; };
		CA1C3D8AB61F4D8F8CE21617 /* ImageIO.framework */ = {isa = PBXFileReference; fileEncoding = 4; lastKnownFileType = wrapper.framework; name = ImageIO.framework; path = System/Library/Frameworks/ImageIO.framework; sourceTree = SDKROOT; };
		CB416AF71E744203A006B32A /* CDVFileTransfer.m */ = {isa = PBXFileReference; fileEncoding = 4; lastKnownFileType = sourcecode.c.objc; name = CDVFileTransfer.m; path = "org.apache.cordova.file-transfer/CDVFileTransfer.m"; sourceTree = "<group>"; };
		CB9C8002778F400FBDC789B8 /* SKProduct+LocalizedPrice.m */ = {isa = PBXFileReference; fileEncoding = 4; lastKnownFileType = sourcecode.c.objc; name = "SKProduct+LocalizedPrice.m"; path = "cc.fovea.cordova.purchase/SKProduct+LocalizedPrice.m"; sourceTree = "<group>"; };
		CBCBDF04DE3847288ED5B8BA /* CDVJpegHeaderWriter.h */ = {isa = PBXFileReference; fileEncoding = 4; lastKnownFileType = sourcecode.c.h; name = CDVJpegHeaderWriter.h; path = org.apache.cordova.camera/CDVJpegHeaderWriter.h; sourceTree = "<group>"; };
		D220B07D3D8A4835A3DD4A7A /* Accounts.framework */ = {isa = PBXFileReference; fileEncoding = 4; lastKnownFileType = wrapper.framework; name = Accounts.framework; path = System/Library/Frameworks/Accounts.framework; sourceTree = SDKROOT; };
		D30D677B172F49C290EE7F86 /* CDVReachability.m */ = {isa = PBXFileReference; fileEncoding = 4; lastKnownFileType = sourcecode.c.objc; name = CDVReachability.m; path = "org.apache.cordova.network-information/CDVReachability.m"; sourceTree = "<group>"; };
		D43ADF407E44409F8FD77464 /* Calendar.m */ = {isa = PBXFileReference; fileEncoding = 4; lastKnownFileType = sourcecode.c.objc; name = Calendar.m; path = "nl.x-services.plugins.calendar/Calendar.m"; sourceTree = "<group>"; };
		D4A0D8751607E02300AEF8BB /* Default-568h@2x~iphone.png */ = {isa = PBXFileReference; lastKnownFileType = image.png; path = "Default-568h@2x~iphone.png"; sourceTree = "<group>"; };
		D92A587AC74E4D0BBD4F8F2B /* SocialSharing.m */ = {isa = PBXFileReference; fileEncoding = 4; lastKnownFileType = sourcecode.c.objc; name = SocialSharing.m; path = "nl.x-services.plugins.socialsharing/SocialSharing.m"; sourceTree = "<group>"; };
		DE55C7D3BA174FB1BAD09872 /* CDVSound.m */ = {isa = PBXFileReference; fileEncoding = 4; lastKnownFileType = sourcecode.c.objc; name = CDVSound.m; path = org.apache.cordova.media/CDVSound.m; sourceTree = "<group>"; };
		E653E8C615914C6B84264DAB /* InAppPurchase.m */ = {isa = PBXFileReference; fileEncoding = 4; lastKnownFileType = sourcecode.c.objc; name = InAppPurchase.m; path = cc.fovea.cordova.purchase/InAppPurchase.m; sourceTree = "<group>"; };
		E969CFAFA32D4A71824C53BF /* FacebookSDK.framework */ = {isa = PBXFileReference; lastKnownFileType = wrapper.framework; name = FacebookSDK.framework; path = TarxienTemples/Plugins/com.phonegap.plugins.facebookconnect/FacebookSDK.framework; sourceTree = "<group>"; };
		EB87FDF21871DA7A0020F90C /* merges */ = {isa = PBXFileReference; lastKnownFileType = folder; name = merges; path = ../../merges; sourceTree = "<group>"; };
		EB87FDF31871DA8E0020F90C /* www */ = {isa = PBXFileReference; lastKnownFileType = folder; name = www; path = ../../www; sourceTree = "<group>"; };
		EB87FDF41871DAF40020F90C /* config.xml */ = {isa = PBXFileReference; lastKnownFileType = text.xml; name = config.xml; path = ../../config.xml; sourceTree = "<group>"; };
		ECA617E2A3B34BA6B7AE0F9F /* CDVDevice.m */ = {isa = PBXFileReference; fileEncoding = 4; lastKnownFileType = sourcecode.c.objc; name = CDVDevice.m; path = org.apache.cordova.device/CDVDevice.m; sourceTree = "<group>"; };
		EE8198DE8AF44B35968C97AA /* YoikScreenOrientation.h */ = {isa = PBXFileReference; fileEncoding = 4; lastKnownFileType = sourcecode.c.h; name = YoikScreenOrientation.h; path = net.yoik.cordova.plugins.screenorientation/YoikScreenOrientation.h; sourceTree = "<group>"; };
		EEDCFBAAA97942EAABC7518A /* EventKitUI.framework */ = {isa = PBXFileReference; fileEncoding = 4; lastKnownFileType = wrapper.framework; name = EventKitUI.framework; path = System/Library/Frameworks/EventKitUI.framework; sourceTree = SDKROOT; };
		F6AB28688EB144428AEF0088 /* CDVReachability.h */ = {isa = PBXFileReference; fileEncoding = 4; lastKnownFileType = sourcecode.c.h; name = CDVReachability.h; path = "org.apache.cordova.network-information/CDVReachability.h"; sourceTree = "<group>"; };
		F840E1F0165FE0F500CFE078 /* config.xml */ = {isa = PBXFileReference; lastKnownFileType = text.xml; name = config.xml; path = TarxienTemples/config.xml; sourceTree = "<group>"; };
		FB65CDCAD7DA4B6D90C0F4C2 /* CDVFile.m */ = {isa = PBXFileReference; fileEncoding = 4; lastKnownFileType = sourcecode.c.objc; name = CDVFile.m; path = org.apache.cordova.file/CDVFile.m; sourceTree = "<group>"; };
		FDA31633BBDF4BAF9C64247F /* CDVNotification.m */ = {isa = PBXFileReference; fileEncoding = 4; lastKnownFileType = sourcecode.c.objc; name = CDVNotification.m; path = org.apache.cordova.dialogs/CDVNotification.m; sourceTree = "<group>"; };
/* End PBXFileReference section */

/* Begin PBXFrameworksBuildPhase section */
		1D60588F0D05DD3D006BFB54 /* Frameworks */ = {
			isa = PBXFrameworksBuildPhase;
			buildActionMask = 2147483647;
			files = (
				5B1594DD16A7569C00FEF299 /* AssetsLibrary.framework in Frameworks */,
				301BF552109A68D80062928A /* libCordova.a in Frameworks */,
				288765FD0DF74451002DB57D /* CoreGraphics.framework in Frameworks */,
				305D5FD1115AB8F900A74A75 /* MobileCoreServices.framework in Frameworks */,
				8B924888CE8941BD815EDAB7 /* StoreKit.framework in Frameworks */,
				0AF6DF0A127346F19A10B942 /* EventKit.framework in Frameworks */,
				84143E17FA1D4D589CCBE704 /* EventKitUI.framework in Frameworks */,
				219AA8CA73D74DD086EE6A31 /* Social.framework in Frameworks */,
				FBA78C96D4A444169496D449 /* MessageUI.framework in Frameworks */,
				0141D35200574B3290420791 /* ImageIO.framework in Frameworks */,
				E910327F586C424EAF888878 /* CoreLocation.framework in Frameworks */,
				328D1F81AB2C42E0B6085E57 /* CoreMotion.framework in Frameworks */,
				3BDE8B8E526A49339EEF8F3D /* AudioToolbox.framework in Frameworks */,
				88C337ADF5B0441DAA65016F /* SystemConfiguration.framework in Frameworks */,
				C6454C0878DD493FA440E43A /* FacebookSDK.framework in Frameworks */,
				5F2DDEAF6B2A41E398DBE52C /* libsqlite3.dylib in Frameworks */,
				C6EB8922B7A348BB9AC8DC60 /* Accounts.framework in Frameworks */,
				E903833C81DB40D9A2D326B3 /* Security.framework in Frameworks */,
			);
			runOnlyForDeploymentPostprocessing = 0;
		};
/* End PBXFrameworksBuildPhase section */

/* Begin PBXGroup section */
		080E96DDFE201D6D7F000001 /* Classes */ = {
			isa = PBXGroup;
			children = (
				302D95EE14D2391D003F00A1 /* MainViewController.h */,
				302D95EF14D2391D003F00A1 /* MainViewController.m */,
				302D95F014D2391D003F00A1 /* MainViewController.xib */,
				1D3623240D0F684500981E51 /* AppDelegate.h */,
				1D3623250D0F684500981E51 /* AppDelegate.m */,
			);
			name = Classes;
			path = TarxienTemples/Classes;
			sourceTree = SOURCE_ROOT;
		};
		19C28FACFE9D520D11CA2CBB /* Products */ = {
			isa = PBXGroup;
			children = (
				1D6058910D05DD3D006BFB54 /* TarxienTemples.app */,
			);
			name = Products;
			sourceTree = "<group>";
		};
		29B97314FDCFA39411CA2CEA /* CustomTemplate */ = {
			isa = PBXGroup;
			children = (
				EB87FDF41871DAF40020F90C /* config.xml */,
				EB87FDF31871DA8E0020F90C /* www */,
				EB87FDF21871DA7A0020F90C /* merges */,
				EB87FDF11871DA420020F90C /* Staging */,
				301BF52D109A57CC0062928A /* CordovaLib.xcodeproj */,
				080E96DDFE201D6D7F000001 /* Classes */,
				307C750510C5A3420062BCA9 /* Plugins */,
				29B97315FDCFA39411CA2CEA /* Other Sources */,
				29B97317FDCFA39411CA2CEA /* Resources */,
				29B97323FDCFA39411CA2CEA /* Frameworks */,
				19C28FACFE9D520D11CA2CBB /* Products */,
			);
			name = CustomTemplate;
			sourceTree = "<group>";
		};
		29B97315FDCFA39411CA2CEA /* Other Sources */ = {
			isa = PBXGroup;
			children = (
				32CA4F630368D1EE00C91783 /* TarxienTemples-Prefix.pch */,
				29B97316FDCFA39411CA2CEA /* main.m */,
			);
			name = "Other Sources";
			path = TarxienTemples;
			sourceTree = "<group>";
		};
		29B97317FDCFA39411CA2CEA /* Resources */ = {
			isa = PBXGroup;
			children = (
				308D052D1370CCF300D202BF /* icons */,
				308D05311370CCF300D202BF /* splash */,
				8D1107310486CEB800E47090 /* TarxienTemples-Info.plist */,
				1EA26B7032424E9593638978 /* CDVNotification.bundle */,
				5743D7348BCD4A34BBC0C060 /* CDVCapture.bundle */,
			);
			name = Resources;
			path = TarxienTemples/Resources;
			sourceTree = "<group>";
		};
		29B97323FDCFA39411CA2CEA /* Frameworks */ = {
			isa = PBXGroup;
			children = (
				5B1594DC16A7569C00FEF299 /* AssetsLibrary.framework */,
				288765FC0DF74451002DB57D /* CoreGraphics.framework */,
				305D5FD0115AB8F900A74A75 /* MobileCoreServices.framework */,
				B836E1DF5A194BB08E45409B /* StoreKit.framework */,
				274AD19C68D44D5D9DC6FEE0 /* EventKit.framework */,
				EEDCFBAAA97942EAABC7518A /* EventKitUI.framework */,
				2F5ED0F488A84007ACDDAD70 /* Social.framework */,
				2CAAD804400B49439D636059 /* MessageUI.framework */,
				CA1C3D8AB61F4D8F8CE21617 /* ImageIO.framework */,
				32136E77637C42CCA0D63CEE /* CoreLocation.framework */,
				8407867C8D40457987E65B0F /* CoreMotion.framework */,
				004BB5405C0F45B395B9823E /* AudioToolbox.framework */,
				66120DBF422442A6A223B427 /* SystemConfiguration.framework */,
				E969CFAFA32D4A71824C53BF /* FacebookSDK.framework */,
				C5EE928D5E2F4CD9BFF8C6A3 /* libsqlite3.dylib */,
				D220B07D3D8A4835A3DD4A7A /* Accounts.framework */,
				C7A67F7798E74A5389B77421 /* Security.framework */,
			);
			name = Frameworks;
			sourceTree = "<group>";
		};
		301BF52E109A57CC0062928A /* Products */ = {
			isa = PBXGroup;
			children = (
				301BF535109A57CC0062928A /* libCordova.a */,
			);
			name = Products;
			sourceTree = "<group>";
		};
		307C750510C5A3420062BCA9 /* Plugins */ = {
			isa = PBXGroup;
			children = (
				E653E8C615914C6B84264DAB /* InAppPurchase.m */,
				CB9C8002778F400FBDC789B8 /* SKProduct+LocalizedPrice.m */,
				4B829DFE85124EB2933E3DF8 /* InAppPurchase.h */,
				75B4990235E84D79B85E0152 /* SKProduct+LocalizedPrice.h */,
				11F17D00418249C3BF5FBB64 /* CDVInAppBrowser.m */,
				0D3E5446BE48418DAB0316D2 /* CDVInAppBrowser.h */,
				5CB1F217B4E54F2CAA598FB2 /* YoikScreenOrientation.m */,
				EE8198DE8AF44B35968C97AA /* YoikScreenOrientation.h */,
				D43ADF407E44409F8FD77464 /* Calendar.m */,
				5ED2FEB4E7B447DA936446F6 /* Calendar.h */,
				D92A587AC74E4D0BBD4F8F2B /* SocialSharing.m */,
				A855477ABFF9418D8E8439C3 /* SocialSharing.h */,
				BD7A59A7530042D082B53C9E /* UIImage+CropScaleOrientation.m */,
				947C000A88CE499D84D3ABA5 /* CDVCamera.m */,
				81821D5413B0475EA38A2566 /* CDVJpegHeaderWriter.m */,
				14B72D87B5134715ABDEE1E0 /* UIImage+CropScaleOrientation.h */,
				2B9313F418854AAF90915DE2 /* CDVCamera.h */,
				CBCBDF04DE3847288ED5B8BA /* CDVJpegHeaderWriter.h */,
				B4F902A3C38947FEA95D018A /* CDVExif.h */,
				487FE5E377F241DC95BF8150 /* CDVLogger.m */,
				A408F411D6A1431B92CA07CE /* CDVLogger.h */,
				ECA617E2A3B34BA6B7AE0F9F /* CDVDevice.m */,
				BA920B81F24B4E2FAC425959 /* CDVDevice.h */,
				8CBB605A25E545E098B43DDF /* CDVAccelerometer.m */,
				43EA2AEB094D48F3863026DB /* CDVAccelerometer.h */,
				2F7DE72BAA7749A68BF613D4 /* CDVCompass.m */,
				7CD63CAA44754721A45B3A55 /* CDVCompass.h */,
				FDA31633BBDF4BAF9C64247F /* CDVNotification.m */,
				8A6A42AACCF04DF1A03E52C0 /* CDVNotification.h */,
				FB65CDCAD7DA4B6D90C0F4C2 /* CDVFile.m */,
				7F718C18B73341E19E81A799 /* CDVLocalFilesystem.m */,
				465E6B74E28D474CAF2FB411 /* CDVAssetLibraryFilesystem.m */,
				00E00572731348F7B292553C /* CDVFile.h */,
				4FD14F8A7F5049F98513A7B2 /* CDVLocalFilesystem.h */,
				C86A19AA2EF24B108666F1C8 /* CDVAssetLibraryFilesystem.h */,
				CB416AF71E744203A006B32A /* CDVFileTransfer.m */,
				1057ACB16EAF4EFE92DDF788 /* CDVFileTransfer.h */,
				0BF3531E818D4A59BFB57425 /* CDVLocation.m */,
				9983C18E39EC47A39B30F7A0 /* CDVLocation.h */,
				9409BC8DBCC9425A9B626297 /* CDVGlobalization.m */,
				5302D5FE24504CD4926B2728 /* CDVGlobalization.h */,
				DE55C7D3BA174FB1BAD09872 /* CDVSound.m */,
				A745F1B7247347EFAD5789BD /* CDVSound.h */,
				40AC0BDA5700475381C3D1EB /* CDVCapture.m */,
				2BE9913103264093ADFB489B /* CDVCapture.h */,
				75EB678ADA894BCB90B3B3C8 /* CDVConnection.m */,
				D30D677B172F49C290EE7F86 /* CDVReachability.m */,
				696546E001CD4AF6944F8087 /* CDVConnection.h */,
				F6AB28688EB144428AEF0088 /* CDVReachability.h */,
				121777F913174A30AAC44E8F /* CDVSplashScreen.m */,
				A7127325A20145668516BC5C /* CDVSplashScreen.h */,
				7AF935A94DE341F089296260 /* CDVStatusBar.m */,
				63EC1536CC5A4CA5BDB24014 /* CDVStatusBar.h */,
				24043B251F404A4294E8BF21 /* CDVVibration.m */,
				A3A95449901141308B52F68B /* CDVVibration.h */,
				C0C0AB2544DC482F8742EAC9 /* FacebookConnectPlugin.m */,
				306CA38D74914E00BE44EDE0 /* FacebookConnectPlugin.h */,
			);
			name = Plugins;
			path = TarxienTemples/Plugins;
			sourceTree = SOURCE_ROOT;
		};
		308D052D1370CCF300D202BF /* icons */ = {
			isa = PBXGroup;
			children = (
				30C1856519D5FC0A00212699 /* icon-60@3x.png */,
				7E7966D41810823500FA85AD /* icon-40.png */,
				7E7966D51810823500FA85AD /* icon-40@2x.png */,
				7E7966D61810823500FA85AD /* icon-50.png */,
				7E7966D71810823500FA85AD /* icon-50@2x.png */,
				7E7966D81810823500FA85AD /* icon-60.png */,
				7E7966D91810823500FA85AD /* icon-60@2x.png */,
				7E7966DA1810823500FA85AD /* icon-76.png */,
				7E7966DB1810823500FA85AD /* icon-76@2x.png */,
				7E7966DC1810823500FA85AD /* icon-small.png */,
				7E7966DD1810823500FA85AD /* icon-small@2x.png */,
				30FC414816E50CA1004E6F35 /* icon-72@2x.png */,
				308D052E1370CCF300D202BF /* icon-72.png */,
				308D052F1370CCF300D202BF /* icon.png */,
				308D05301370CCF300D202BF /* icon@2x.png */,
			);
			path = icons;
			sourceTree = "<group>";
		};
		308D05311370CCF300D202BF /* splash */ = {
			isa = PBXGroup;
			children = (
				30B4F2FD19D5E07200D9F7D8 /* Default-667h.png */,
				30B4F2FE19D5E07200D9F7D8 /* Default-736h.png */,
				30B4F2FF19D5E07200D9F7D8 /* Default-Landscape-736h.png */,
				D4A0D8751607E02300AEF8BB /* Default-568h@2x~iphone.png */,
				3088BBB7154F3926009F9C59 /* Default-Landscape@2x~ipad.png */,
				3088BBB8154F3926009F9C59 /* Default-Landscape~ipad.png */,
				3088BBB9154F3926009F9C59 /* Default-Portrait@2x~ipad.png */,
				3088BBBA154F3926009F9C59 /* Default-Portrait~ipad.png */,
				3088BBBB154F3926009F9C59 /* Default@2x~iphone.png */,
				3088BBBC154F3926009F9C59 /* Default~iphone.png */,
			);
			path = splash;
			sourceTree = "<group>";
		};
		EB87FDF11871DA420020F90C /* Staging */ = {
			isa = PBXGroup;
			children = (
				F840E1F0165FE0F500CFE078 /* config.xml */,
				301BF56E109A69640062928A /* www */,
			);
			name = Staging;
			sourceTree = "<group>";
		};
/* End PBXGroup section */

/* Begin PBXNativeTarget section */
		1D6058900D05DD3D006BFB54 /* TarxienTemples */ = {
			isa = PBXNativeTarget;
			buildConfigurationList = 1D6058960D05DD3E006BFB54 /* Build configuration list for PBXNativeTarget "TarxienTemples" */;
			buildPhases = (
				304B58A110DAC018002A0835 /* Copy www directory */,
				1D60588D0D05DD3D006BFB54 /* Resources */,
				1D60588E0D05DD3D006BFB54 /* Sources */,
				1D60588F0D05DD3D006BFB54 /* Frameworks */,
			);
			buildRules = (
			);
			dependencies = (
				301BF551109A68C00062928A /* PBXTargetDependency */,
			);
			name = TarxienTemples;
			productName = TarxienTemples;
			productReference = 1D6058910D05DD3D006BFB54 /* TarxienTemples.app */;
			productType = "com.apple.product-type.application";
		};
/* End PBXNativeTarget section */

/* Begin PBXProject section */
		29B97313FDCFA39411CA2CEA /* Project object */ = {
			isa = PBXProject;
			attributes = {
				LastUpgradeCheck = 510;
				TargetAttributes = {
					1D6058900D05DD3D006BFB54 = {
						DevelopmentTeam = JWEAWLMH9Z;
					};
				};
			};
			buildConfigurationList = C01FCF4E08A954540054247B /* Build configuration list for PBXProject "TarxienTemples" */;
			compatibilityVersion = "Xcode 3.2";
			developmentRegion = English;
			hasScannedForEncodings = 1;
			knownRegions = (
				English,
				Japanese,
				French,
				German,
				en,
				es,
				de,
				se,
			);
			mainGroup = 29B97314FDCFA39411CA2CEA /* CustomTemplate */;
			projectDirPath = "";
			projectReferences = (
				{
					ProductGroup = 301BF52E109A57CC0062928A /* Products */;
					ProjectRef = 301BF52D109A57CC0062928A /* CordovaLib.xcodeproj */;
				},
			);
			projectRoot = "";
			targets = (
				1D6058900D05DD3D006BFB54 /* TarxienTemples */,
			);
		};
/* End PBXProject section */

/* Begin PBXReferenceProxy section */
		301BF535109A57CC0062928A /* libCordova.a */ = {
			isa = PBXReferenceProxy;
			fileType = archive.ar;
			path = libCordova.a;
			remoteRef = 301BF534109A57CC0062928A /* PBXContainerItemProxy */;
			sourceTree = BUILT_PRODUCTS_DIR;
		};
/* End PBXReferenceProxy section */

/* Begin PBXResourcesBuildPhase section */
		1D60588D0D05DD3D006BFB54 /* Resources */ = {
			isa = PBXResourcesBuildPhase;
			buildActionMask = 2147483647;
			files = (
				7E7966E41810823500FA85AD /* icon-76.png in Resources */,
				7E7966DF1810823500FA85AD /* icon-40@2x.png in Resources */,
				308D05371370CCF300D202BF /* icon-72.png in Resources */,
				30B4F30119D5E07200D9F7D8 /* Default-736h.png in Resources */,
				308D05381370CCF300D202BF /* icon.png in Resources */,
				308D05391370CCF300D202BF /* icon@2x.png in Resources */,
				302D95F214D2391D003F00A1 /* MainViewController.xib in Resources */,
				7E7966E01810823500FA85AD /* icon-50.png in Resources */,
				7E7966E31810823500FA85AD /* icon-60@2x.png in Resources */,
				7E7966E61810823500FA85AD /* icon-small.png in Resources */,
				3088BBBD154F3926009F9C59 /* Default-Landscape@2x~ipad.png in Resources */,
				3088BBBE154F3926009F9C59 /* Default-Landscape~ipad.png in Resources */,
				3088BBBF154F3926009F9C59 /* Default-Portrait@2x~ipad.png in Resources */,
				7E7966E71810823500FA85AD /* icon-small@2x.png in Resources */,
				3088BBC0154F3926009F9C59 /* Default-Portrait~ipad.png in Resources */,
				30B4F30019D5E07200D9F7D8 /* Default-667h.png in Resources */,
				7E7966DE1810823500FA85AD /* icon-40.png in Resources */,
				3088BBC1154F3926009F9C59 /* Default@2x~iphone.png in Resources */,
				7E7966E21810823500FA85AD /* icon-60.png in Resources */,
				3088BBC2154F3926009F9C59 /* Default~iphone.png in Resources */,
				D4A0D8761607E02300AEF8BB /* Default-568h@2x~iphone.png in Resources */,
				30B4F30219D5E07200D9F7D8 /* Default-Landscape-736h.png in Resources */,
				30C1856619D5FC0A00212699 /* icon-60@3x.png in Resources */,
				7E7966E11810823500FA85AD /* icon-50@2x.png in Resources */,
				7E7966E51810823500FA85AD /* icon-76@2x.png in Resources */,
				30FC414916E50CA1004E6F35 /* icon-72@2x.png in Resources */,
				6ED8F449A56F42BFA1FC0220 /* CDVNotification.bundle in Resources */,
				E14A805723AF41F9BE80EBD5 /* CDVCapture.bundle in Resources */,
			);
			runOnlyForDeploymentPostprocessing = 0;
		};
/* End PBXResourcesBuildPhase section */

/* Begin PBXShellScriptBuildPhase section */
		304B58A110DAC018002A0835 /* Copy www directory */ = {
			isa = PBXShellScriptBuildPhase;
			buildActionMask = 2147483647;
			files = (
			);
			inputPaths = (
			);
			name = "Copy www directory";
			outputPaths = (
			);
			runOnlyForDeploymentPostprocessing = 0;
			shellPath = /bin/sh;
			shellScript = "cordova/lib/copy-www-build-step.sh";
			showEnvVarsInLog = 0;
		};
/* End PBXShellScriptBuildPhase section */

/* Begin PBXSourcesBuildPhase section */
		1D60588E0D05DD3D006BFB54 /* Sources */ = {
			isa = PBXSourcesBuildPhase;
			buildActionMask = 2147483647;
			files = (
				1D60589B0D05DD56006BFB54 /* main.m in Sources */,
				1D3623260D0F684500981E51 /* AppDelegate.m in Sources */,
				302D95F114D2391D003F00A1 /* MainViewController.m in Sources */,
				A618149A6EEF4A09A25F2B4C /* InAppPurchase.m in Sources */,
				45BB354FDFEB442B89B0E626 /* SKProduct+LocalizedPrice.m in Sources */,
				CC95B0CD18F94C53974B536C /* CDVInAppBrowser.m in Sources */,
				072690E42E47487391344818 /* YoikScreenOrientation.m in Sources */,
				2E69993E56044B3781A90232 /* Calendar.m in Sources */,
				22147CF4539743359F04106C /* SocialSharing.m in Sources */,
				E20F276B47F246E1A704824E /* UIImage+CropScaleOrientation.m in Sources */,
				61A9A624D8B14EC2A13B7666 /* CDVCamera.m in Sources */,
				321D6681ABA44D8693875D8C /* CDVJpegHeaderWriter.m in Sources */,
				BDE24B23D42448399B6E49C4 /* CDVLogger.m in Sources */,
				1BCF00EA6E05470E9D776BF5 /* CDVDevice.m in Sources */,
				4E3040BA6F204F4A9E86258B /* CDVAccelerometer.m in Sources */,
				F5AC495C60A344A3B97D9940 /* CDVCompass.m in Sources */,
				294BC1C065924A1AA1493645 /* CDVNotification.m in Sources */,
				D1B1DD8A2F2F47EA9F7B6888 /* CDVFile.m in Sources */,
				A2C0C59A0C034331BA464870 /* CDVLocalFilesystem.m in Sources */,
				DF5ED4A39E374508AAF7D1BB /* CDVAssetLibraryFilesystem.m in Sources */,
				43B844F074DE405F898C31FE /* CDVFileTransfer.m in Sources */,
				2EC964E8C7064060B71C9307 /* CDVLocation.m in Sources */,
				4D3EEE2A8F1A47EE89D3722A /* CDVGlobalization.m in Sources */,
				CDD719597E9F48C0BFDB51BB /* CDVSound.m in Sources */,
				47521CEDBCD54355A0EBC545 /* CDVCapture.m in Sources */,
				5C92C2A7C3D44AAA9C243409 /* CDVConnection.m in Sources */,
				89C7A25BBA2F4A9EBD05BF39 /* CDVReachability.m in Sources */,
				40BADD6212E1424B94A89A58 /* CDVSplashScreen.m in Sources */,
				156B179244094C4581F88C59 /* CDVStatusBar.m in Sources */,
				7AE8C1EBA7D94E13A75CE263 /* CDVVibration.m in Sources */,
				1EC655479955459C8ADD50EB /* FacebookConnectPlugin.m in Sources */,
			);
			runOnlyForDeploymentPostprocessing = 0;
		};
/* End PBXSourcesBuildPhase section */

/* Begin PBXTargetDependency section */
		301BF551109A68C00062928A /* PBXTargetDependency */ = {
			isa = PBXTargetDependency;
			name = CordovaLib;
			targetProxy = 301BF550109A68C00062928A /* PBXContainerItemProxy */;
		};
/* End PBXTargetDependency section */

/* Begin XCBuildConfiguration section */
		1D6058940D05DD3E006BFB54 /* Debug */ = {
			isa = XCBuildConfiguration;
			buildSettings = {
				ALWAYS_SEARCH_USER_PATHS = NO;
				CLANG_ENABLE_OBJC_ARC = YES;
				CODE_SIGN_IDENTITY = "iPhone Developer";
				COPY_PHASE_STRIP = NO;
				FRAMEWORK_SEARCH_PATHS = (
					"$(inherited)",
					"\"TarxienTemples/Plugins/com.phonegap.plugins.facebookconnect\"",
				);
				GCC_DYNAMIC_NO_PIC = NO;
				GCC_OPTIMIZATION_LEVEL = 0;
				GCC_PRECOMPILE_PREFIX_HEADER = YES;
				GCC_PREFIX_HEADER = "TarxienTemples/TarxienTemples-Prefix.pch";
				GCC_THUMB_SUPPORT = NO;
				GCC_VERSION = "";
				INFOPLIST_FILE = "TarxienTemples/TarxienTemples-Info.plist";
				IPHONEOS_DEPLOYMENT_TARGET = 6.0;
				OTHER_LDFLAGS = (
					"-weak_framework",
					CoreFoundation,
					"-weak_framework",
					UIKit,
					"-weak_framework",
					AVFoundation,
					"-weak_framework",
					CoreMedia,
					"-weak-lSystem",
					"-ObjC",
				);
				PRODUCT_NAME = TarxienTemples;
				TARGETED_DEVICE_FAMILY = "1,2";
			};
			name = Debug;
		};
		1D6058950D05DD3E006BFB54 /* Release */ = {
			isa = XCBuildConfiguration;
			buildSettings = {
				ALWAYS_SEARCH_USER_PATHS = NO;
				CLANG_ENABLE_OBJC_ARC = YES;
				CODE_SIGN_IDENTITY = "iPhone Developer";
				COPY_PHASE_STRIP = YES;
				FRAMEWORK_SEARCH_PATHS = (
					"$(inherited)",
					"\"TarxienTemples/Plugins/com.phonegap.plugins.facebookconnect\"",
				);
				GCC_PRECOMPILE_PREFIX_HEADER = YES;
				GCC_PREFIX_HEADER = "TarxienTemples/TarxienTemples-Prefix.pch";
				GCC_THUMB_SUPPORT = NO;
				GCC_VERSION = "";
				INFOPLIST_FILE = "TarxienTemples/TarxienTemples-Info.plist";
				IPHONEOS_DEPLOYMENT_TARGET = 6.0;
				OTHER_LDFLAGS = (
					"-weak_framework",
					CoreFoundation,
					"-weak_framework",
					UIKit,
					"-weak_framework",
					AVFoundation,
					"-weak_framework",
					CoreMedia,
					"-weak-lSystem",
					"-ObjC",
				);
				PRODUCT_NAME = TarxienTemples;
				TARGETED_DEVICE_FAMILY = "1,2";
			};
			name = Release;
		};
		C01FCF4F08A954540054247B /* Debug */ = {
			isa = XCBuildConfiguration;
			buildSettings = {
				CLANG_ENABLE_OBJC_ARC = YES;
				CLANG_WARN_BOOL_CONVERSION = YES;
				CLANG_WARN_CONSTANT_CONVERSION = YES;
				CLANG_WARN_EMPTY_BODY = YES;
				CLANG_WARN_ENUM_CONVERSION = YES;
				CLANG_WARN_INT_CONVERSION = YES;
				CLANG_WARN__DUPLICATE_METHOD_MATCH = YES;
				"CODE_SIGN_IDENTITY[sdk=iphoneos*]" = "iPhone Developer";
				GCC_C_LANGUAGE_STANDARD = c99;
				GCC_THUMB_SUPPORT = NO;
				GCC_VERSION = "";
				GCC_WARN_ABOUT_RETURN_TYPE = YES;
				GCC_WARN_UNDECLARED_SELECTOR = YES;
				GCC_WARN_UNINITIALIZED_AUTOS = YES;
				GCC_WARN_UNUSED_FUNCTION = YES;
				GCC_WARN_UNUSED_VARIABLE = YES;
				HEADER_SEARCH_PATHS = (
					"\"$(TARGET_BUILD_DIR)/usr/local/lib/include\"",
					"\"$(OBJROOT)/UninstalledProducts/include\"",
					"\"$(BUILT_PRODUCTS_DIR)\"",
				);
				IPHONEOS_DEPLOYMENT_TARGET = 6.0;
				ONLY_ACTIVE_ARCH = YES;
				OTHER_LDFLAGS = (
					"-weak_framework",
					CoreFoundation,
					"-weak_framework",
					UIKit,
					"-weak_framework",
					AVFoundation,
					"-weak_framework",
					CoreMedia,
					"-weak-lSystem",
					"-ObjC",
				);
				SDKROOT = iphoneos;
				SKIP_INSTALL = NO;
				USER_HEADER_SEARCH_PATHS = "";
			};
			name = Debug;
		};
		C01FCF5008A954540054247B /* Release */ = {
			isa = XCBuildConfiguration;
			buildSettings = {
				CLANG_ENABLE_OBJC_ARC = YES;
				CLANG_WARN_BOOL_CONVERSION = YES;
				CLANG_WARN_CONSTANT_CONVERSION = YES;
				CLANG_WARN_EMPTY_BODY = YES;
				CLANG_WARN_ENUM_CONVERSION = YES;
				CLANG_WARN_INT_CONVERSION = YES;
				CLANG_WARN__DUPLICATE_METHOD_MATCH = YES;
				"CODE_SIGN_IDENTITY[sdk=iphoneos*]" = "iPhone Developer";
				GCC_C_LANGUAGE_STANDARD = c99;
				GCC_THUMB_SUPPORT = NO;
				GCC_VERSION = "";
				GCC_WARN_ABOUT_RETURN_TYPE = YES;
				GCC_WARN_UNDECLARED_SELECTOR = YES;
				GCC_WARN_UNINITIALIZED_AUTOS = YES;
				GCC_WARN_UNUSED_FUNCTION = YES;
				GCC_WARN_UNUSED_VARIABLE = YES;
				HEADER_SEARCH_PATHS = (
					"\"$(TARGET_BUILD_DIR)/usr/local/lib/include\"",
					"\"$(OBJROOT)/UninstalledProducts/include\"",
					"\"$(BUILT_PRODUCTS_DIR)\"",
				);
				IPHONEOS_DEPLOYMENT_TARGET = 6.0;
				OTHER_LDFLAGS = (
					"-weak_framework",
					CoreFoundation,
					"-weak_framework",
					UIKit,
					"-weak_framework",
					AVFoundation,
					"-weak_framework",
					CoreMedia,
					"-weak-lSystem",
					"-ObjC",
				);
				SDKROOT = iphoneos;
				SKIP_INSTALL = NO;
				USER_HEADER_SEARCH_PATHS = "";
			};
			name = Release;
		};
/* End XCBuildConfiguration section */

/* Begin XCConfigurationList section */
		1D6058960D05DD3E006BFB54 /* Build configuration list for PBXNativeTarget "TarxienTemples" */ = {
			isa = XCConfigurationList;
			buildConfigurations = (
				1D6058940D05DD3E006BFB54 /* Debug */,
				1D6058950D05DD3E006BFB54 /* Release */,
			);
			defaultConfigurationIsVisible = 0;
			defaultConfigurationName = Release;
		};
		C01FCF4E08A954540054247B /* Build configuration list for PBXProject "TarxienTemples" */ = {
			isa = XCConfigurationList;
			buildConfigurations = (
				C01FCF4F08A954540054247B /* Debug */,
				C01FCF5008A954540054247B /* Release */,
			);
			defaultConfigurationIsVisible = 0;
			defaultConfigurationName = Release;
		};
/* End XCConfigurationList section */
	};
	rootObject = 29B97313FDCFA39411CA2CEA /* Project object */;
}
